
Microsoft Visual Studio Solution File, Format Version 12.00
# Visual Studio Version 17
VisualStudioVersion = 17.13.35828.75
MinimumVisualStudioVersion = 10.0.40219.1
Project("{FAE04EC0-301F-11D3-BF4B-00C04F79EFBC}") = "EventManager", "EventManager\EventManager.csproj", "{976662A2-9DBB-4585-B8E9-11AB7B7EB5F7}"
EndProject
Project("{FAE04EC0-301F-11D3-BF4B-00C04F79EFBC}") = "ModelHolder", "ModelHolder\ModelHolder.csproj", "{29C46C6B-82D7-4ED0-B503-45F602C8F23B}"
EndProject
Project("{2150E333-8FDC-42A3-9474-1A3956D46DE8}") = "Элементы решения", "Элементы решения", "{754FC069-D67B-A9D7-50A1-8D1CA196D8F1}"
	ProjectSection(SolutionItems) = preProject
		docker-compose.yml = docker-compose.yml
	EndProjectSection
EndProject
Project("{FAE04EC0-301F-11D3-BF4B-00C04F79EFBC}") = "TelegramUI", "TelegramUI\TelegramUI.csproj", "{C2E1A80A-15FD-4514-BFAB-73F1159A473D}"
EndProject
Project("{FAE04EC0-301F-11D3-BF4B-00C04F79EFBC}") = "EmailNotificator", "EmailNotificator\EmailNotificator.csproj", "{C99B313A-481D-45FD-9DE6-B480A3D46E1F}"
EndProject
Global
	GlobalSection(SolutionConfigurationPlatforms) = preSolution
		Debug|Any CPU = Debug|Any CPU
		Release|Any CPU = Release|Any CPU
	EndGlobalSection
	GlobalSection(ProjectConfigurationPlatforms) = postSolution
		{976662A2-9DBB-4585-B8E9-11AB7B7EB5F7}.Debug|Any CPU.ActiveCfg = Debug|Any CPU
		{976662A2-9DBB-4585-B8E9-11AB7B7EB5F7}.Debug|Any CPU.Build.0 = Debug|Any CPU
		{976662A2-9DBB-4585-B8E9-11AB7B7EB5F7}.Release|Any CPU.ActiveCfg = Release|Any CPU
		{976662A2-9DBB-4585-B8E9-11AB7B7EB5F7}.Release|Any CPU.Build.0 = Release|Any CPU
		{29C46C6B-82D7-4ED0-B503-45F602C8F23B}.Debug|Any CPU.ActiveCfg = Debug|Any CPU
		{29C46C6B-82D7-4ED0-B503-45F602C8F23B}.Debug|Any CPU.Build.0 = Debug|Any CPU
		{29C46C6B-82D7-4ED0-B503-45F602C8F23B}.Release|Any CPU.ActiveCfg = Release|Any CPU
		{29C46C6B-82D7-4ED0-B503-45F602C8F23B}.Release|Any CPU.Build.0 = Release|Any CPU
		{C2E1A80A-15FD-4514-BFAB-73F1159A473D}.Debug|Any CPU.ActiveCfg = Debug|Any CPU
		{C2E1A80A-15FD-4514-BFAB-73F1159A473D}.Debug|Any CPU.Build.0 = Debug|Any CPU
		{C2E1A80A-15FD-4514-BFAB-73F1159A473D}.Release|Any CPU.ActiveCfg = Release|Any CPU
		{C2E1A80A-15FD-4514-BFAB-73F1159A473D}.Release|Any CPU.Build.0 = Release|Any CPU
		{C99B313A-481D-45FD-9DE6-B480A3D46E1F}.Debug|Any CPU.ActiveCfg = Debug|Any CPU
		{C99B313A-481D-45FD-9DE6-B480A3D46E1F}.Debug|Any CPU.Build.0 = Debug|Any CPU
		{C99B313A-481D-45FD-9DE6-B480A3D46E1F}.Release|Any CPU.ActiveCfg = Release|Any CPU
		{C99B313A-481D-45FD-9DE6-B480A3D46E1F}.Release|Any CPU.Build.0 = Release|Any CPU
	EndGlobalSection
	GlobalSection(SolutionProperties) = preSolution
		HideSolutionNode = FALSE
	EndGlobalSection
	GlobalSection(ExtensibilityGlobals) = postSolution
		SolutionGuid = {35DE98A3-30E6-47E3-95F0-884CB7CF9274}
	EndGlobalSection
EndGlobal
